
Microsoft Visual Studio Solution File, Format Version 11.00
# Visual Studio 2010
Project("{FAE04EC0-301F-11D3-BF4B-00C04F79EFBC}") = "AutoMapperSample", "AutoMapperSample\AutoMapperSample.csproj", "{3B4D9CF6-D516-4147-801D-209F765ED9EB}"
EndProject
Project("{FAE04EC0-301F-11D3-BF4B-00C04F79EFBC}") = "MVC3Sample", "MVC3Sample\MVC3Sample.csproj", "{2A0041C5-BFEA-463E-90E7-4D44FA1D4B54}"
EndProject
Global
	GlobalSection(SolutionConfigurationPlatforms) = preSolution
		Debug|Any CPU = Debug|Any CPU
		Release|Any CPU = Release|Any CPU
	EndGlobalSection
	GlobalSection(ProjectConfigurationPlatforms) = postSolution
		{3B4D9CF6-D516-4147-801D-209F765ED9EB}.Debug|Any CPU.ActiveCfg = Debug|Any CPU
		{3B4D9CF6-D516-4147-801D-209F765ED9EB}.Debug|Any CPU.Build.0 = Debug|Any CPU
		{3B4D9CF6-D516-4147-801D-209F765ED9EB}.Release|Any CPU.ActiveCfg = Release|Any CPU
		{3B4D9CF6-D516-4147-801D-209F765ED9EB}.Release|Any CPU.Build.0 = Release|Any CPU
		{2A0041C5-BFEA-463E-90E7-4D44FA1D4B54}.Debug|Any CPU.ActiveCfg = Debug|Any CPU
		{2A0041C5-BFEA-463E-90E7-4D44FA1D4B54}.Debug|Any CPU.Build.0 = Debug|Any CPU
		{2A0041C5-BFEA-463E-90E7-4D44FA1D4B54}.Release|Any CPU.ActiveCfg = Release|Any CPU
		{2A0041C5-BFEA-463E-90E7-4D44FA1D4B54}.Release|Any CPU.Build.0 = Release|Any CPU
	EndGlobalSection
	GlobalSection(SolutionProperties) = preSolution
		HideSolutionNode = FALSE
	EndGlobalSection
EndGlobal
